
Microsoft Visual Studio Solution File, Format Version 12.00
# Visual Studio Version 17
VisualStudioVersion = 17.3.32929.385
MinimumVisualStudioVersion = 10.0.40219.1
Project("{FAE04EC0-301F-11D3-BF4B-00C04F79EFBC}") = "desafio 3", "desafio 3.csproj", "{C322A99F-43F5-40E8-A9D1-D53C57E5C019}"
EndProject
Global
	GlobalSection(SolutionConfigurationPlatforms) = preSolution
		Debug|Any CPU = Debug|Any CPU
		Release|Any CPU = Release|Any CPU
	EndGlobalSection
	GlobalSection(ProjectConfigurationPlatforms) = postSolution
		{C322A99F-43F5-40E8-A9D1-D53C57E5C019}.Debug|Any CPU.ActiveCfg = Debug|Any CPU
		{C322A99F-43F5-40E8-A9D1-D53C57E5C019}.Debug|Any CPU.Build.0 = Debug|Any CPU
		{C322A99F-43F5-40E8-A9D1-D53C57E5C019}.Release|Any CPU.ActiveCfg = Release|Any CPU
		{C322A99F-43F5-40E8-A9D1-D53C57E5C019}.Release|Any CPU.Build.0 = Release|Any CPU
	EndGlobalSection
	GlobalSection(SolutionProperties) = preSolution
		HideSolutionNode = FALSE
	EndGlobalSection
	GlobalSection(ExtensibilityGlobals) = postSolution
		SolutionGuid = {ABA86A30-693D-42D8-A220-BF7072BFB3BF}
	EndGlobalSection
EndGlobal
